
Microsoft Visual Studio Solution File, Format Version 12.00
# Visual Studio 2013
VisualStudioVersion = 12.0.31101.0
MinimumVisualStudioVersion = 10.0.40219.1
Project("{2150E333-8FDC-42A3-9474-1A3956D46DE8}") = ".nuget", ".nuget", "{809A6620-3153-48EB-A830-272BB16D1BBA}"
	ProjectSection(SolutionItems) = preProject
		.nuget\packages.config = .nuget\packages.config
	EndProjectSection
EndProject
Project("{FAE04EC0-301F-11D3-BF4B-00C04F79EFBC}") = "OdeToFood", "OdeToFood\OdeToFood.csproj", "{00222159-B54C-4C88-A33C-0182586F9CF5}"
EndProject
Project("{FAE04EC0-301F-11D3-BF4B-00C04F79EFBC}") = "OdeToFood.Tests", "OdeToFood.Tests\OdeToFood.Tests.csproj", "{41FB97A3-44D7-45B7-9A72-F4F5B68DAFD9}"
EndProject
Global
	GlobalSection(SolutionConfigurationPlatforms) = preSolution
		Debug|Any CPU = Debug|Any CPU
		Release|Any CPU = Release|Any CPU
	EndGlobalSection
	GlobalSection(ProjectConfigurationPlatforms) = postSolution
		{00222159-B54C-4C88-A33C-0182586F9CF5}.Debug|Any CPU.ActiveCfg = Debug|Any CPU
		{00222159-B54C-4C88-A33C-0182586F9CF5}.Debug|Any CPU.Build.0 = Debug|Any CPU
		{00222159-B54C-4C88-A33C-0182586F9CF5}.Release|Any CPU.ActiveCfg = Release|Any CPU
		{00222159-B54C-4C88-A33C-0182586F9CF5}.Release|Any CPU.Build.0 = Release|Any CPU
		{41FB97A3-44D7-45B7-9A72-F4F5B68DAFD9}.Debug|Any CPU.ActiveCfg = Debug|Any CPU
		{41FB97A3-44D7-45B7-9A72-F4F5B68DAFD9}.Debug|Any CPU.Build.0 = Debug|Any CPU
		{41FB97A3-44D7-45B7-9A72-F4F5B68DAFD9}.Release|Any CPU.ActiveCfg = Release|Any CPU
		{41FB97A3-44D7-45B7-9A72-F4F5B68DAFD9}.Release|Any CPU.Build.0 = Release|Any CPU
	EndGlobalSection
	GlobalSection(SolutionProperties) = preSolution
		HideSolutionNode = FALSE
	EndGlobalSection
EndGlobal
